
Microsoft Visual Studio Solution File, Format Version 12.00
# Visual Studio Version 16
VisualStudioVersion = 16.0.31410.357
MinimumVisualStudioVersion = 10.0.40219.1
Project("{FAE04EC0-301F-11D3-BF4B-00C04F79EFBC}") = "spritegen", "spritegen.csproj", "{C3E6BCEB-9B90-477E-91B9-E908638C70B3}"
EndProject
Global
	GlobalSection(SolutionConfigurationPlatforms) = preSolution
		Debug|Any CPU = Debug|Any CPU
		Release|Any CPU = Release|Any CPU
	EndGlobalSection
	GlobalSection(ProjectConfigurationPlatforms) = postSolution
		{C3E6BCEB-9B90-477E-91B9-E908638C70B3}.Debug|Any CPU.ActiveCfg = Debug|Any CPU
		{C3E6BCEB-9B90-477E-91B9-E908638C70B3}.Debug|Any CPU.Build.0 = Debug|Any CPU
		{C3E6BCEB-9B90-477E-91B9-E908638C70B3}.Release|Any CPU.ActiveCfg = Release|Any CPU
		{C3E6BCEB-9B90-477E-91B9-E908638C70B3}.Release|Any CPU.Build.0 = Release|Any CPU
	EndGlobalSection
	GlobalSection(SolutionProperties) = preSolution
		HideSolutionNode = FALSE
	EndGlobalSection
	GlobalSection(ExtensibilityGlobals) = postSolution
		SolutionGuid = {1CEDF32D-B76E-4916-A763-339822523B6F}
	EndGlobalSection
EndGlobal
